
Microsoft Visual Studio Solution File, Format Version 12.00
# Visual Studio Version 17
VisualStudioVersion = 17.3.32825.248
MinimumVisualStudioVersion = 10.0.40219.1
Project("{9A19103F-16F7-4668-BE54-9A1E7A4F7556}") = "Week7Functions", "Week7Functions\Week7Functions.csproj", "{03B869C4-F578-4CBB-8A70-1A4FF1FD472E}"
EndProject
Project("{9A19103F-16F7-4668-BE54-9A1E7A4F7556}") = "ArgumentsAndParameters", "ArgumentsAndParameters\ArgumentsAndParameters.csproj", "{15F5756A-FDCA-441F-A380-9DF7E181B343}"
EndProject
Project("{9A19103F-16F7-4668-BE54-9A1E7A4F7556}") = "Calculator", "Calculator\Calculator.csproj", "{01FBDD8D-3AB2-47BE-8AE5-D2F6C711A06B}"
EndProject
Project("{FAE04EC0-301F-11D3-BF4B-00C04F79EFBC}") = "DiscountCalculator", "DiscountCalculator\DiscountCalculator.csproj", "{5C2D631F-7C49-4781-B5FC-9300F5D68803}"
EndProject
Global
	GlobalSection(SolutionConfigurationPlatforms) = preSolution
		Debug|Any CPU = Debug|Any CPU
		Release|Any CPU = Release|Any CPU
	EndGlobalSection
	GlobalSection(ProjectConfigurationPlatforms) = postSolution
		{03B869C4-F578-4CBB-8A70-1A4FF1FD472E}.Debug|Any CPU.ActiveCfg = Debug|Any CPU
		{03B869C4-F578-4CBB-8A70-1A4FF1FD472E}.Debug|Any CPU.Build.0 = Debug|Any CPU
		{03B869C4-F578-4CBB-8A70-1A4FF1FD472E}.Release|Any CPU.ActiveCfg = Release|Any CPU
		{03B869C4-F578-4CBB-8A70-1A4FF1FD472E}.Release|Any CPU.Build.0 = Release|Any CPU
		{15F5756A-FDCA-441F-A380-9DF7E181B343}.Debug|Any CPU.ActiveCfg = Debug|Any CPU
		{15F5756A-FDCA-441F-A380-9DF7E181B343}.Debug|Any CPU.Build.0 = Debug|Any CPU
		{15F5756A-FDCA-441F-A380-9DF7E181B343}.Release|Any CPU.ActiveCfg = Release|Any CPU
		{15F5756A-FDCA-441F-A380-9DF7E181B343}.Release|Any CPU.Build.0 = Release|Any CPU
		{01FBDD8D-3AB2-47BE-8AE5-D2F6C711A06B}.Debug|Any CPU.ActiveCfg = Debug|Any CPU
		{01FBDD8D-3AB2-47BE-8AE5-D2F6C711A06B}.Debug|Any CPU.Build.0 = Debug|Any CPU
		{01FBDD8D-3AB2-47BE-8AE5-D2F6C711A06B}.Release|Any CPU.ActiveCfg = Release|Any CPU
		{01FBDD8D-3AB2-47BE-8AE5-D2F6C711A06B}.Release|Any CPU.Build.0 = Release|Any CPU
		{5C2D631F-7C49-4781-B5FC-9300F5D68803}.Debug|Any CPU.ActiveCfg = Debug|Any CPU
		{5C2D631F-7C49-4781-B5FC-9300F5D68803}.Debug|Any CPU.Build.0 = Debug|Any CPU
		{5C2D631F-7C49-4781-B5FC-9300F5D68803}.Release|Any CPU.ActiveCfg = Release|Any CPU
		{5C2D631F-7C49-4781-B5FC-9300F5D68803}.Release|Any CPU.Build.0 = Release|Any CPU
	EndGlobalSection
	GlobalSection(SolutionProperties) = preSolution
		HideSolutionNode = FALSE
	EndGlobalSection
	GlobalSection(ExtensibilityGlobals) = postSolution
		SolutionGuid = {ADB8CD20-5F71-48FB-B9E4-FF223BB379B6}
	EndGlobalSection
EndGlobal
